<?xml version="1.0" encoding="UTF-8" standalone="yes" ?>
<CodeBlocks_project_file>
   <FileVersion major="1" minor="6" />
   <Project>
      <Option title="Server" />
      <Option makefile_is_custom="1" />
      <Option compiler="gcc" />
      <Option virtualFolders="CMake Files\;CMake Files\src\;" />
      <Build>
      <Target title="all">
         <Option working_dir="D:/msys64/home/wuxiangwei/LongDemo/Server-build" />
         <Option type="4" />
         <MakeCommands>
            <Build command="D:/msys64/mingw64/bin/mingw32-make.exe -f &quot;D:/msys64/home/wuxiangwei/LongDemo/Server-build/Makefile&quot;  VERBOSE=1 all" />
            <CompileFile command="D:/msys64/mingw64/bin/mingw32-make.exe -f &quot;D:/msys64/home/wuxiangwei/LongDemo/Server-build/Makefile&quot;  VERBOSE=1 &quot;$file&quot;" />
            <Clean command="D:/msys64/mingw64/bin/mingw32-make.exe -f &quot;D:/msys64/home/wuxiangwei/LongDemo/Server-build/Makefile&quot;  VERBOSE=1 clean" />
            <DistClean command="D:/msys64/mingw64/bin/mingw32-make.exe -f &quot;D:/msys64/home/wuxiangwei/LongDemo/Server-build/Makefile&quot;  VERBOSE=1 clean" />
         </MakeCommands>
      </Target>
      <Target title="rebuild_cache">
         <Option working_dir="D:/msys64/home/wuxiangwei/LongDemo/Server-build" />
         <Option type="4" />
         <MakeCommands>
            <Build command="D:/msys64/mingw64/bin/mingw32-make.exe -f &quot;D:/msys64/home/wuxiangwei/LongDemo/Server-build/Makefile&quot;  VERBOSE=1 rebuild_cache" />
            <CompileFile command="D:/msys64/mingw64/bin/mingw32-make.exe -f &quot;D:/msys64/home/wuxiangwei/LongDemo/Server-build/Makefile&quot;  VERBOSE=1 &quot;$file&quot;" />
            <Clean command="D:/msys64/mingw64/bin/mingw32-make.exe -f &quot;D:/msys64/home/wuxiangwei/LongDemo/Server-build/Makefile&quot;  VERBOSE=1 clean" />
            <DistClean command="D:/msys64/mingw64/bin/mingw32-make.exe -f &quot;D:/msys64/home/wuxiangwei/LongDemo/Server-build/Makefile&quot;  VERBOSE=1 clean" />
         </MakeCommands>
      </Target>
      <Target title="edit_cache">
         <Option working_dir="D:/msys64/home/wuxiangwei/LongDemo/Server-build" />
         <Option type="4" />
         <MakeCommands>
            <Build command="D:/msys64/mingw64/bin/mingw32-make.exe -f &quot;D:/msys64/home/wuxiangwei/LongDemo/Server-build/Makefile&quot;  VERBOSE=1 edit_cache" />
            <CompileFile command="D:/msys64/mingw64/bin/mingw32-make.exe -f &quot;D:/msys64/home/wuxiangwei/LongDemo/Server-build/Makefile&quot;  VERBOSE=1 &quot;$file&quot;" />
            <Clean command="D:/msys64/mingw64/bin/mingw32-make.exe -f &quot;D:/msys64/home/wuxiangwei/LongDemo/Server-build/Makefile&quot;  VERBOSE=1 clean" />
            <DistClean command="D:/msys64/mingw64/bin/mingw32-make.exe -f &quot;D:/msys64/home/wuxiangwei/LongDemo/Server-build/Makefile&quot;  VERBOSE=1 clean" />
         </MakeCommands>
      </Target>
      <Target title="Server">
         <Option output="D:/msys64/home/wuxiangwei/LongDemo/Server-build/Server.exe" prefix_auto="0" extension_auto="0" />
         <Option working_dir="D:/msys64/home/wuxiangwei/LongDemo/Server-build" />
         <Option object_output="./" />
         <Option type="1" />
         <Option compiler="gcc" />
         <Compiler>
            <Add directory="D:/msys64/mingw64/bin/../lib/gcc/x86_64-w64-mingw32/5.2.0/../../../../include" />
            <Add directory="D:/msys64/mingw64/bin/../lib/gcc/x86_64-w64-mingw32/5.2.0/../../../../x86_64-w64-mingw32/include" />
            <Add directory="D:/msys64/mingw64/bin/../lib/gcc/x86_64-w64-mingw32/5.2.0/include" />
            <Add directory="D:/msys64/mingw64/bin/../lib/gcc/x86_64-w64-mingw32/5.2.0/include-fixed" />
            <Add directory="D:/msys64/mingw64/lib/gcc/../../include/c++/5.2.0" />
            <Add directory="D:/msys64/mingw64/lib/gcc/../../include/c++/5.2.0/backward" />
            <Add directory="D:/msys64/mingw64/lib/gcc/../../include/c++/5.2.0/x86_64-w64-mingw32" />
         </Compiler>
         <MakeCommands>
            <Build command="D:/msys64/mingw64/bin/mingw32-make.exe -f &quot;D:/msys64/home/wuxiangwei/LongDemo/Server-build/Makefile&quot;  VERBOSE=1 Server" />
            <CompileFile command="D:/msys64/mingw64/bin/mingw32-make.exe -f &quot;D:/msys64/home/wuxiangwei/LongDemo/Server-build/Makefile&quot;  VERBOSE=1 &quot;$file&quot;" />
            <Clean command="D:/msys64/mingw64/bin/mingw32-make.exe -f &quot;D:/msys64/home/wuxiangwei/LongDemo/Server-build/Makefile&quot;  VERBOSE=1 clean" />
            <DistClean command="D:/msys64/mingw64/bin/mingw32-make.exe -f &quot;D:/msys64/home/wuxiangwei/LongDemo/Server-build/Makefile&quot;  VERBOSE=1 clean" />
         </MakeCommands>
      </Target>
      <Target title="Server/fast">
         <Option output="D:/msys64/home/wuxiangwei/LongDemo/Server-build/Server.exe" prefix_auto="0" extension_auto="0" />
         <Option working_dir="D:/msys64/home/wuxiangwei/LongDemo/Server-build" />
         <Option object_output="./" />
         <Option type="1" />
         <Option compiler="gcc" />
         <Compiler>
            <Add directory="D:/msys64/mingw64/bin/../lib/gcc/x86_64-w64-mingw32/5.2.0/../../../../include" />
            <Add directory="D:/msys64/mingw64/bin/../lib/gcc/x86_64-w64-mingw32/5.2.0/../../../../x86_64-w64-mingw32/include" />
            <Add directory="D:/msys64/mingw64/bin/../lib/gcc/x86_64-w64-mingw32/5.2.0/include" />
            <Add directory="D:/msys64/mingw64/bin/../lib/gcc/x86_64-w64-mingw32/5.2.0/include-fixed" />
            <Add directory="D:/msys64/mingw64/lib/gcc/../../include/c++/5.2.0" />
            <Add directory="D:/msys64/mingw64/lib/gcc/../../include/c++/5.2.0/backward" />
            <Add directory="D:/msys64/mingw64/lib/gcc/../../include/c++/5.2.0/x86_64-w64-mingw32" />
         </Compiler>
         <MakeCommands>
            <Build command="D:/msys64/mingw64/bin/mingw32-make.exe -f &quot;D:/msys64/home/wuxiangwei/LongDemo/Server-build/Makefile&quot;  VERBOSE=1 Server/fast" />
            <CompileFile command="D:/msys64/mingw64/bin/mingw32-make.exe -f &quot;D:/msys64/home/wuxiangwei/LongDemo/Server-build/Makefile&quot;  VERBOSE=1 &quot;$file&quot;" />
            <Clean command="D:/msys64/mingw64/bin/mingw32-make.exe -f &quot;D:/msys64/home/wuxiangwei/LongDemo/Server-build/Makefile&quot;  VERBOSE=1 clean" />
            <DistClean command="D:/msys64/mingw64/bin/mingw32-make.exe -f &quot;D:/msys64/home/wuxiangwei/LongDemo/Server-build/Makefile&quot;  VERBOSE=1 clean" />
         </MakeCommands>
      </Target>
      <Target title="SysFunction">
         <Option output="D:/msys64/home/wuxiangwei/LongDemo/Server-build/src/libSysFunction.a" prefix_auto="0" extension_auto="0" />
         <Option working_dir="D:/msys64/home/wuxiangwei/LongDemo/Server-build/src" />
         <Option object_output="./" />
         <Option type="2" />
         <Option compiler="gcc" />
         <Compiler>
            <Add directory="D:/msys64/mingw64/bin/../lib/gcc/x86_64-w64-mingw32/5.2.0/../../../../include" />
            <Add directory="D:/msys64/mingw64/bin/../lib/gcc/x86_64-w64-mingw32/5.2.0/../../../../x86_64-w64-mingw32/include" />
            <Add directory="D:/msys64/mingw64/bin/../lib/gcc/x86_64-w64-mingw32/5.2.0/include" />
            <Add directory="D:/msys64/mingw64/bin/../lib/gcc/x86_64-w64-mingw32/5.2.0/include-fixed" />
            <Add directory="D:/msys64/mingw64/lib/gcc/../../include/c++/5.2.0" />
            <Add directory="D:/msys64/mingw64/lib/gcc/../../include/c++/5.2.0/backward" />
            <Add directory="D:/msys64/mingw64/lib/gcc/../../include/c++/5.2.0/x86_64-w64-mingw32" />
         </Compiler>
         <MakeCommands>
            <Build command="D:/msys64/mingw64/bin/mingw32-make.exe -f &quot;D:/msys64/home/wuxiangwei/LongDemo/Server-build/src/Makefile&quot;  VERBOSE=1 SysFunction" />
            <CompileFile command="D:/msys64/mingw64/bin/mingw32-make.exe -f &quot;D:/msys64/home/wuxiangwei/LongDemo/Server-build/src/Makefile&quot;  VERBOSE=1 &quot;$file&quot;" />
            <Clean command="D:/msys64/mingw64/bin/mingw32-make.exe -f &quot;D:/msys64/home/wuxiangwei/LongDemo/Server-build/src/Makefile&quot;  VERBOSE=1 clean" />
            <DistClean command="D:/msys64/mingw64/bin/mingw32-make.exe -f &quot;D:/msys64/home/wuxiangwei/LongDemo/Server-build/src/Makefile&quot;  VERBOSE=1 clean" />
         </MakeCommands>
      </Target>
      <Target title="SysFunction/fast">
         <Option output="D:/msys64/home/wuxiangwei/LongDemo/Server-build/src/libSysFunction.a" prefix_auto="0" extension_auto="0" />
         <Option working_dir="D:/msys64/home/wuxiangwei/LongDemo/Server-build/src" />
         <Option object_output="./" />
         <Option type="2" />
         <Option compiler="gcc" />
         <Compiler>
            <Add directory="D:/msys64/mingw64/bin/../lib/gcc/x86_64-w64-mingw32/5.2.0/../../../../include" />
            <Add directory="D:/msys64/mingw64/bin/../lib/gcc/x86_64-w64-mingw32/5.2.0/../../../../x86_64-w64-mingw32/include" />
            <Add directory="D:/msys64/mingw64/bin/../lib/gcc/x86_64-w64-mingw32/5.2.0/include" />
            <Add directory="D:/msys64/mingw64/bin/../lib/gcc/x86_64-w64-mingw32/5.2.0/include-fixed" />
            <Add directory="D:/msys64/mingw64/lib/gcc/../../include/c++/5.2.0" />
            <Add directory="D:/msys64/mingw64/lib/gcc/../../include/c++/5.2.0/backward" />
            <Add directory="D:/msys64/mingw64/lib/gcc/../../include/c++/5.2.0/x86_64-w64-mingw32" />
         </Compiler>
         <MakeCommands>
            <Build command="D:/msys64/mingw64/bin/mingw32-make.exe -f &quot;D:/msys64/home/wuxiangwei/LongDemo/Server-build/src/Makefile&quot;  VERBOSE=1 SysFunction/fast" />
            <CompileFile command="D:/msys64/mingw64/bin/mingw32-make.exe -f &quot;D:/msys64/home/wuxiangwei/LongDemo/Server-build/src/Makefile&quot;  VERBOSE=1 &quot;$file&quot;" />
            <Clean command="D:/msys64/mingw64/bin/mingw32-make.exe -f &quot;D:/msys64/home/wuxiangwei/LongDemo/Server-build/src/Makefile&quot;  VERBOSE=1 clean" />
            <DistClean command="D:/msys64/mingw64/bin/mingw32-make.exe -f &quot;D:/msys64/home/wuxiangwei/LongDemo/Server-build/src/Makefile&quot;  VERBOSE=1 clean" />
         </MakeCommands>
      </Target>
      </Build>
      <Unit filename="D:/msys64/home/wuxiangwei/LongDemo/Server/main.cpp">
         <Option target="Server"/>
      </Unit>
      <Unit filename="D:/msys64/home/wuxiangwei/LongDemo/Server/src/SysFunction.cpp">
         <Option target="SysFunction"/>
      </Unit>
      <Unit filename="D:/msys64/home/wuxiangwei/LongDemo/Server/src/SysFunction.h">
         <Option target="SysFunction"/>
      </Unit>
      <Unit filename="D:/msys64/home/wuxiangwei/LongDemo/Server/CMakeLists.txt">
          <Option virtualFolder="CMake Files\" />
      </Unit>
      <Unit filename="D:/msys64/home/wuxiangwei/LongDemo/Server/src/CMakeLists.txt">
          <Option virtualFolder="CMake Files\src\" />
      </Unit>
   </Project>
</CodeBlocks_project_file>
